// !$*UTF8*$!
{
	archiveVersion = 1;
	classes = {
	};
	objectVersion = 48;
	objects = {

/* Begin PBXBuildFile section */
		ACD5CEF71F8D15A900A48A14 /* AppDelegate.swift in Sources */ = {isa = PBXBuildFile; fileRef = ACD5CEF61F8D15A900A48A14 /* AppDelegate.swift */; };
		ACD5CEF91F8D15A900A48A14 /* ViewController.swift in Sources */ = {isa = PBXBuildFile; fileRef = ACD5CEF81F8D15A900A48A14 /* ViewController.swift */; };
		ACD5CEFC1F8D15A900A48A14 /* Main.storyboard in Resources */ = {isa = PBXBuildFile; fileRef = ACD5CEFA1F8D15A900A48A14 /* Main.storyboard */; };
		ACD5CEFE1F8D15A900A48A14 /* Assets.xcassets in Resources */ = {isa = PBXBuildFile; fileRef = ACD5CEFD1F8D15A900A48A14 /* Assets.xcassets */; };
		ACD5CF011F8D15A900A48A14 /* LaunchScreen.storyboard in Resources */ = {isa = PBXBuildFile; fileRef = ACD5CEFF1F8D15A900A48A14 /* LaunchScreen.storyboard */; };
		ACD5CF0C1F8D15A900A48A14 /* nanobyteTests.swift in Sources */ = {isa = PBXBuildFile; fileRef = ACD5CF0B1F8D15A900A48A14 /* nanobyteTests.swift */; };
		ACD5CF171F8D15A900A48A14 /* nanobyteUITests.swift in Sources */ = {isa = PBXBuildFile; fileRef = ACD5CF161F8D15A900A48A14 /* nanobyteUITests.swift */; };
/* End PBXBuildFile section */

/* Begin PBXContainerItemProxy section */
		ACD5CF081F8D15A900A48A14 /* PBXContainerItemProxy */ = {
			isa = PBXContainerItemProxy;
			containerPortal = ACD5CEEB1F8D15A900A48A14 /* Project object */;
			proxyType = 1;
			remoteGlobalIDString = ACD5CEF21F8D15A900A48A14;
			remoteInfo = nanobyte;
		};
		ACD5CF131F8D15A900A48A14 /* PBXContainerItemProxy */ = {
			isa = PBXContainerItemProxy;
			containerPortal = ACD5CEEB1F8D15A900A48A14 /* Project object */;
			proxyType = 1;
			remoteGlobalIDString = ACD5CEF21F8D15A900A48A14;
			remoteInfo = nanobyte;
		};
/* End PBXContainerItemProxy section */

/* Begin PBXFileReference section */
		ACD5CEF31F8D15A900A48A14 /* nanobyte.app */ = {isa = PBXFileReference; explicitFileType = wrapper.application; includeInIndex = 0; path = nanobyte.app; sourceTree = BUILT_PRODUCTS_DIR; };
		ACD5CEF61F8D15A900A48A14 /* AppDelegate.swift */ = {isa = PBXFileReference; lastKnownFileType = sourcecode.swift; path = AppDelegate.swift; sourceTree = "<group>"; };
		ACD5CEF81F8D15A900A48A14 /* ViewController.swift */ = {isa = PBXFileReference; lastKnownFileType = sourcecode.swift; path = ViewController.swift; sourceTree = "<group>"; };
		ACD5CEFB1F8D15A900A48A14 /* Base */ = {isa = PBXFileReference; lastKnownFileType = file.storyboard; name = Base; path = Base.lproj/Main.storyboard; sourceTree = "<group>"; };
		ACD5CEFD1F8D15A900A48A14 /* Assets.xcassets */ = {isa = PBXFileReference; lastKnownFileType = folder.assetcatalog; path = Assets.xcassets; sourceTree = "<group>"; };
		ACD5CF001F8D15A900A48A14 /* Base */ = {isa = PBXFileReference; lastKnownFileType = file.storyboard; name = Base; path = Base.lproj/LaunchScreen.storyboard; sourceTree = "<group>"; };
		ACD5CF021F8D15A900A48A14 /* Info.plist */ = {isa = PBXFileReference; lastKnownFileType = text.plist.xml; path = Info.plist; sourceTree = "<group>"; };
		ACD5CF071F8D15A900A48A14 /* nanobyteTests.xctest */ = {isa = PBXFileReference; explicitFileType = wrapper.cfbundle; includeInIndex = 0; path = nanobyteTests.xctest; sourceTree = BUILT_PRODUCTS_DIR; };
		ACD5CF0B1F8D15A900A48A14 /* nanobyteTests.swift */ = {isa = PBXFileReference; lastKnownFileType = sourcecode.swift; path = nanobyteTests.swift; sourceTree = "<group>"; };
		ACD5CF0D1F8D15A900A48A14 /* Info.plist */ = {isa = PBXFileReference; lastKnownFileType = text.plist.xml; path = Info.plist; sourceTree = "<group>"; };
		ACD5CF121F8D15A900A48A14 /* nanobyteUITests.xctest */ = {isa = PBXFileReference; explicitFileType = wrapper.cfbundle; includeInIndex = 0; path = nanobyteUITests.xctest; sourceTree = BUILT_PRODUCTS_DIR; };
		ACD5CF161F8D15A900A48A14 /* nanobyteUITests.swift */ = {isa = PBXFileReference; lastKnownFileType = sourcecode.swift; path = nanobyteUITests.swift; sourceTree = "<group>"; };
		ACD5CF181F8D15AA00A48A14 /* Info.plist */ = {isa = PBXFileReference; lastKnownFileType = text.plist.xml; path = Info.plist; sourceTree = "<group>"; };
/* End PBXFileReference section */

/* Begin PBXFrameworksBuildPhase section */
		ACD5CEF01F8D15A900A48A14 /* Frameworks */ = {
			isa = PBXFrameworksBuildPhase;
			buildActionMask = 2147483647;
			files = (
			);
			runOnlyForDeploymentPostprocessing = 0;
		};
		ACD5CF041F8D15A900A48A14 /* Frameworks */ = {
			isa = PBXFrameworksBuildPhase;
			buildActionMask = 2147483647;
			files = (
			);
			runOnlyForDeploymentPostprocessing = 0;
		};
		ACD5CF0F1F8D15A900A48A14 /* Frameworks */ = {
			isa = PBXFrameworksBuildPhase;
			buildActionMask = 2147483647;
			files = (
			);
			runOnlyForDeploymentPostprocessing = 0;
		};
/* End PBXFrameworksBuildPhase section */

/* Begin PBXGroup section */
		ACD5CEEA1F8D15A900A48A14 = {
			isa = PBXGroup;
			children = (
				ACD5CEF51F8D15A900A48A14 /* nanobyte */,
				ACD5CF0A1F8D15A900A48A14 /* nanobyteTests */,
				ACD5CF151F8D15A900A48A14 /* nanobyteUITests */,
				ACD5CEF41F8D15A900A48A14 /* Products */,
			);
			sourceTree = "<group>";
		};
		ACD5CEF41F8D15A900A48A14 /* Products */ = {
			isa = PBXGroup;
			children = (
				ACD5CEF31F8D15A900A48A14 /* nanobyte.app */,
				ACD5CF071F8D15A900A48A14 /* nanobyteTests.xctest */,
				ACD5CF121F8D15A900A48A14 /* nanobyteUITests.xctest */,
			);
			name = Products;
			sourceTree = "<group>";
		};
		ACD5CEF51F8D15A900A48A14 /* nanobyte */ = {
			isa = PBXGroup;
			children = (
				ACD5CEF61F8D15A900A48A14 /* AppDelegate.swift */,
				ACD5CEF81F8D15A900A48A14 /* ViewController.swift */,
				ACD5CEFA1F8D15A900A48A14 /* Main.storyboard */,
				ACD5CEFD1F8D15A900A48A14 /* Assets.xcassets */,
				ACD5CEFF1F8D15A900A48A14 /* LaunchScreen.storyboard */,
				ACD5CF021F8D15A900A48A14 /* Info.plist */,
			);
			path = nanobyte;
			sourceTree = "<group>";
		};
		ACD5CF0A1F8D15A900A48A14 /* nanobyteTests */ = {
			isa = PBXGroup;
			children = (
				ACD5CF0B1F8D15A900A48A14 /* nanobyteTests.swift */,
				ACD5CF0D1F8D15A900A48A14 /* Info.plist */,
			);
			path = nanobyteTests;
			sourceTree = "<group>";
		};
		ACD5CF151F8D15A900A48A14 /* nanobyteUITests */ = {
			isa = PBXGroup;
			children = (
				ACD5CF161F8D15A900A48A14 /* nanobyteUITests.swift */,
				ACD5CF181F8D15AA00A48A14 /* Info.plist */,
			);
			path = nanobyteUITests;
			sourceTree = "<group>";
		};
/* End PBXGroup section */

/* Begin PBXNativeTarget section */
		ACD5CEF21F8D15A900A48A14 /* nanobyte */ = {
			isa = PBXNativeTarget;
			buildConfigurationList = ACD5CF1B1F8D15AA00A48A14 /* Build configuration list for PBXNativeTarget "nanobyte" */;
			buildPhases = (
				ACD5CEEF1F8D15A900A48A14 /* Sources */,
				ACD5CEF01F8D15A900A48A14 /* Frameworks */,
				ACD5CEF11F8D15A900A48A14 /* Resources */,
			);
			buildRules = (
			);
			dependencies = (
			);
			name = nanobyte;
			productName = nanobyte;
			productReference = ACD5CEF31F8D15A900A48A14 /* nanobyte.app */;
			productType = "com.apple.product-type.application";
		};
		ACD5CF061F8D15A900A48A14 /* nanobyteTests */ = {
			isa = PBXNativeTarget;
			buildConfigurationList = ACD5CF1E1F8D15AA00A48A14 /* Build configuration list for PBXNativeTarget "nanobyteTests" */;
			buildPhases = (
				ACD5CF031F8D15A900A48A14 /* Sources */,
				ACD5CF041F8D15A900A48A14 /* Frameworks */,
				ACD5CF051F8D15A900A48A14 /* Resources */,
			);
			buildRules = (
			);
			dependencies = (
				ACD5CF091F8D15A900A48A14 /* PBXTargetDependency */,
			);
			name = nanobyteTests;
			productName = nanobyteTests;
			productReference = ACD5CF071F8D15A900A48A14 /* nanobyteTests.xctest */;
			productType = "com.apple.product-type.bundle.unit-test";
		};
		ACD5CF111F8D15A900A48A14 /* nanobyteUITests */ = {
			isa = PBXNativeTarget;
			buildConfigurationList = ACD5CF211F8D15AA00A48A14 /* Build configuration list for PBXNativeTarget "nanobyteUITests" */;
			buildPhases = (
				ACD5CF0E1F8D15A900A48A14 /* Sources */,
				ACD5CF0F1F8D15A900A48A14 /* Frameworks */,
				ACD5CF101F8D15A900A48A14 /* Resources */,
			);
			buildRules = (
			);
			dependencies = (
				ACD5CF141F8D15A900A48A14 /* PBXTargetDependency */,
			);
			name = nanobyteUITests;
			productName = nanobyteUITests;
			productReference = ACD5CF121F8D15A900A48A14 /* nanobyteUITests.xctest */;
			productType = "com.apple.product-type.bundle.ui-testing";
		};
/* End PBXNativeTarget section */

/* Begin PBXProject section */
		ACD5CEEB1F8D15A900A48A14 /* Project object */ = {
			isa = PBXProject;
			attributes = {
				LastSwiftUpdateCheck = 0900;
				LastUpgradeCheck = 0900;
				ORGANIZATIONNAME = "Luis Henrique";
				TargetAttributes = {
					ACD5CEF21F8D15A900A48A14 = {
						CreatedOnToolsVersion = 9.0;
						ProvisioningStyle = Automatic;
					};
					ACD5CF061F8D15A900A48A14 = {
						CreatedOnToolsVersion = 9.0;
						ProvisioningStyle = Automatic;
						TestTargetID = ACD5CEF21F8D15A900A48A14;
					};
					ACD5CF111F8D15A900A48A14 = {
						CreatedOnToolsVersion = 9.0;
						ProvisioningStyle = Automatic;
						TestTargetID = ACD5CEF21F8D15A900A48A14;
					};
				};
			};
			buildConfigurationList = ACD5CEEE1F8D15A900A48A14 /* Build configuration list for PBXProject "nanobyte" */;
			compatibilityVersion = "Xcode 8.0";
			developmentRegion = en;
			hasScannedForEncodings = 0;
			knownRegions = (
				en,
				Base,
			);
			mainGroup = ACD5CEEA1F8D15A900A48A14;
			productRefGroup = ACD5CEF41F8D15A900A48A14 /* Products */;
			projectDirPath = "";
			projectRoot = "";
			targets = (
				ACD5CEF21F8D15A900A48A14 /* nanobyte */,
				ACD5CF061F8D15A900A48A14 /* nanobyteTests */,
				ACD5CF111F8D15A900A48A14 /* nanobyteUITests */,
			);
		};
/* End PBXProject section */

/* Begin PBXResourcesBuildPhase section */
		ACD5CEF11F8D15A900A48A14 /* Resources */ = {
			isa = PBXResourcesBuildPhase;
			buildActionMask = 2147483647;
			files = (
				ACD5CF011F8D15A900A48A14 /* LaunchScreen.storyboard in Resources */,
				ACD5CEFE1F8D15A900A48A14 /* Assets.xcassets in Resources */,
				ACD5CEFC1F8D15A900A48A14 /* Main.storyboard in Resources */,
			);
			runOnlyForDeploymentPostprocessing = 0;
		};
		ACD5CF051F8D15A900A48A14 /* Resources */ = {
			isa = PBXResourcesBuildPhase;
			buildActionMask = 2147483647;
			files = (
			);
			runOnlyForDeploymentPostprocessing = 0;
		};
		ACD5CF101F8D15A900A48A14 /* Resources */ = {
			isa = PBXResourcesBuildPhase;
			buildActionMask = 2147483647;
			files = (
			);
			runOnlyForDeploymentPostprocessing = 0;
		};
/* End PBXResourcesBuildPhase section */

/* Begin PBXSourcesBuildPhase section */
		ACD5CEEF1F8D15A900A48A14 /* Sources */ = {
			isa = PBXSourcesBuildPhase;
			buildActionMask = 2147483647;
			files = (
				ACD5CEF91F8D15A900A48A14 /* ViewController.swift in Sources */,
				ACD5CEF71F8D15A900A48A14 /* AppDelegate.swift in Sources */,
			);
			runOnlyForDeploymentPostprocessing = 0;
		};
		ACD5CF031F8D15A900A48A14 /* Sources */ = {
			isa = PBXSourcesBuildPhase;
			buildActionMask = 2147483647;
			files = (
				ACD5CF0C1F8D15A900A48A14 /* nanobyteTests.swift in Sources */,
			);
			runOnlyForDeploymentPostprocessing = 0;
		};
		ACD5CF0E1F8D15A900A48A14 /* Sources */ = {
			isa = PBXSourcesBuildPhase;
			buildActionMask = 2147483647;
			files = (
				ACD5CF171F8D15A900A48A14 /* nanobyteUITests.swift in Sources */,
			);
			runOnlyForDeploymentPostprocessing = 0;
		};
/* End PBXSourcesBuildPhase section */

/* Begin PBXTargetDependency section */
		ACD5CF091F8D15A900A48A14 /* PBXTargetDependency */ = {
			isa = PBXTargetDependency;
			target = ACD5CEF21F8D15A900A48A14 /* nanobyte */;
			targetProxy = ACD5CF081F8D15A900A48A14 /* PBXContainerItemProxy */;
		};
		ACD5CF141F8D15A900A48A14 /* PBXTargetDependency */ = {
			isa = PBXTargetDependency;
			target = ACD5CEF21F8D15A900A48A14 /* nanobyte */;
			targetProxy = ACD5CF131F8D15A900A48A14 /* PBXContainerItemProxy */;
		};
/* End PBXTargetDependency section */

/* Begin PBXVariantGroup section */
		ACD5CEFA1F8D15A900A48A14 /* Main.storyboard */ = {
			isa = PBXVariantGroup;
			children = (
				ACD5CEFB1F8D15A900A48A14 /* Base */,
			);
			name = Main.storyboard;
			sourceTree = "<group>";
		};
		ACD5CEFF1F8D15A900A48A14 /* LaunchScreen.storyboard */ = {
			isa = PBXVariantGroup;
			children = (
				ACD5CF001F8D15A900A48A14 /* Base */,
			);
			name = LaunchScreen.storyboard;
			sourceTree = "<group>";
		};
/* End PBXVariantGroup section */

/* Begin XCBuildConfiguration section */
		ACD5CF191F8D15AA00A48A14 /* Debug */ = {
			isa = XCBuildConfiguration;
			buildSettings = {
				ALWAYS_SEARCH_USER_PATHS = NO;
				CLANG_ANALYZER_NONNULL = YES;
				CLANG_ANALYZER_NUMBER_OBJECT_CONVERSION = YES_AGGRESSIVE;
				CLANG_CXX_LANGUAGE_STANDARD = "gnu++14";
				CLANG_CXX_LIBRARY = "libc++";
				CLANG_ENABLE_MODULES = YES;
				CLANG_ENABLE_OBJC_ARC = YES;
				CLANG_WARN_BLOCK_CAPTURE_AUTORELEASING = YES;
				CLANG_WARN_BOOL_CONVERSION = YES;
				CLANG_WARN_COMMA = YES;
				CLANG_WARN_CONSTANT_CONVERSION = YES;
				CLANG_WARN_DIRECT_OBJC_ISA_USAGE = YES_ERROR;
				CLANG_WARN_DOCUMENTATION_COMMENTS = YES;
				CLANG_WARN_EMPTY_BODY = YES;
				CLANG_WARN_ENUM_CONVERSION = YES;
				CLANG_WARN_INFINITE_RECURSION = YES;
				CLANG_WARN_INT_CONVERSION = YES;
				CLANG_WARN_NON_LITERAL_NULL_CONVERSION = YES;
				CLANG_WARN_OBJC_LITERAL_CONVERSION = YES;
				CLANG_WARN_OBJC_ROOT_CLASS = YES_ERROR;
				CLANG_WARN_RANGE_LOOP_ANALYSIS = YES;
				CLANG_WARN_STRICT_PROTOTYPES = YES;
				CLANG_WARN_SUSPICIOUS_MOVE = YES;
				CLANG_WARN_UNGUARDED_AVAILABILITY = YES_AGGRESSIVE;
				CLANG_WARN_UNREACHABLE_CODE = YES;
				CLANG_WARN__DUPLICATE_METHOD_MATCH = YES;
				CODE_SIGN_IDENTITY = "iPhone Developer";
				COPY_PHASE_STRIP = NO;
				DEBUG_INFORMATION_FORMAT = dwarf;
				ENABLE_STRICT_OBJC_MSGSEND = YES;
				ENABLE_TESTABILITY = YES;
				GCC_C_LANGUAGE_STANDARD = gnu11;
				GCC_DYNAMIC_NO_PIC = NO;
				GCC_NO_COMMON_BLOCKS = YES;
				GCC_OPTIMIZATION_LEVEL = 0;
				GCC_PREPROCESSOR_DEFINITIONS = (
					"DEBUG=1",
					"$(inherited)",
				);
				GCC_WARN_64_TO_32_BIT_CONVERSION = YES;
				GCC_WARN_ABOUT_RETURN_TYPE = YES_ERROR;
				GCC_WARN_UNDECLARED_SELECTOR = YES;
				GCC_WARN_UNINITIALIZED_AUTOS = YES_AGGRESSIVE;
				GCC_WARN_UNUSED_FUNCTION = YES;
				GCC_WARN_UNUSED_VARIABLE = YES;
				IPHONEOS_DEPLOYMENT_TARGET = 11.0;
				MTL_ENABLE_DEBUG_INFO = YES;
				ONLY_ACTIVE_ARCH = YES;
				SDKROOT = iphoneos;
				SWIFT_ACTIVE_COMPILATION_CONDITIONS = DEBUG;
				SWIFT_OPTIMIZATION_LEVEL = "-Onone";
			};
			name = Debug;
		};
		ACD5CF1A1F8D15AA00A48A14 /* Release */ = {
			isa = XCBuildConfiguration;
			buildSettings = {
				ALWAYS_SEARCH_USER_PATHS = NO;
				CLANG_ANALYZER_NONNULL = YES;
				CLANG_ANALYZER_NUMBER_OBJECT_CONVERSION = YES_AGGRESSIVE;
				CLANG_CXX_LANGUAGE_STANDARD = "gnu++14";
				CLANG_CXX_LIBRARY = "libc++";
				CLANG_ENABLE_MODULES = YES;
				CLANG_ENABLE_OBJC_ARC = YES;
				CLANG_WARN_BLOCK_CAPTURE_AUTORELEASING = YES;
				CLANG_WARN_BOOL_CONVERSION = YES;
				CLANG_WARN_COMMA = YES;
				CLANG_WARN_CONSTANT_CONVERSION = YES;
				CLANG_WARN_DIRECT_OBJC_ISA_USAGE = YES_ERROR;
				CLANG_WARN_DOCUMENTATION_COMMENTS = YES;
				CLANG_WARN_EMPTY_BODY = YES;
				CLANG_WARN_ENUM_CONVERSION = YES;
				CLANG_WARN_INFINITE_RECURSION = YES;
				CLANG_WARN_INT_CONVERSION = YES;
				CLANG_WARN_NON_LITERAL_NULL_CONVERSION = YES;
				CLANG_WARN_OBJC_LITERAL_CONVERSION = YES;
				CLANG_WARN_OBJC_ROOT_CLASS = YES_ERROR;
				CLANG_WARN_RANGE_LOOP_ANALYSIS = YES;
				CLANG_WARN_STRICT_PROTOTYPES = YES;
				CLANG_WARN_SUSPICIOUS_MOVE = YES;
				CLANG_WARN_UNGUARDED_AVAILABILITY = YES_AGGRESSIVE;
				CLANG_WARN_UNREACHABLE_CODE = YES;
				CLANG_WARN__DUPLICATE_METHOD_MATCH = YES;
				CODE_SIGN_IDENTITY = "iPhone Developer";
				COPY_PHASE_STRIP = NO;
				DEBUG_INFORMATION_FORMAT = "dwarf-with-dsym";
				ENABLE_NS_ASSERTIONS = NO;
				ENABLE_STRICT_OBJC_MSGSEND = YES;
				GCC_C_LANGUAGE_STANDARD = gnu11;
				GCC_NO_COMMON_BLOCKS = YES;
				GCC_WARN_64_TO_32_BIT_CONVERSION = YES;
				GCC_WARN_ABOUT_RETURN_TYPE = YES_ERROR;
				GCC_WARN_UNDECLARED_SELECTOR = YES;
				GCC_WARN_UNINITIALIZED_AUTOS = YES_AGGRESSIVE;
				GCC_WARN_UNUSED_FUNCTION = YES;
				GCC_WARN_UNUSED_VARIABLE = YES;
				IPHONEOS_DEPLOYMENT_TARGET = 11.0;
				MTL_ENABLE_DEBUG_INFO = NO;
				SDKROOT = iphoneos;
				SWIFT_OPTIMIZATION_LEVEL = "-Owholemodule";
				VALIDATE_PRODUCT = YES;
			};
			name = Release;
		};
		ACD5CF1C1F8D15AA00A48A14 /* Debug */ = {
			isa = XCBuildConfiguration;
			buildSettings = {
				ASSETCATALOG_COMPILER_APPICON_NAME = AppIcon;
				CODE_SIGN_STYLE = Automatic;
				DEVELOPMENT_TEAM = 9X46NFR4T9;
				INFOPLIST_FILE = nanobyte/Info.plist;
				LD_RUNPATH_SEARCH_PATHS = "$(inherited) @executable_path/Frameworks";
				PRODUCT_BUNDLE_IDENTIFIER = br.com.nanobyte.nanobyte;
				PRODUCT_NAME = "$(TARGET_NAME)";
				SWIFT_VERSION = 4.0;
				TARGETED_DEVICE_FAMILY = "1,2";
			};
			name = Debug;
		};
		ACD5CF1D1F8D15AA00A48A14 /* Release */ = {
			isa = XCBuildConfiguration;
			buildSettings = {
				ASSETCATALOG_COMPILER_APPICON_NAME = AppIcon;
				CODE_SIGN_STYLE = Automatic;
				DEVELOPMENT_TEAM = 9X46NFR4T9;
				INFOPLIST_FILE = nanobyte/Info.plist;
				LD_RUNPATH_SEARCH_PATHS = "$(inherited) @executable_path/Frameworks";
				PRODUCT_BUNDLE_IDENTIFIER = br.com.nanobyte.nanobyte;
				PRODUCT_NAME = "$(TARGET_NAME)";
				SWIFT_VERSION = 4.0;
				TARGETED_DEVICE_FAMILY = "1,2";
			};
			name = Release;
		};
		ACD5CF1F1F8D15AA00A48A14 /* Debug */ = {
			isa = XCBuildConfiguration;
			buildSettings = {
				ALWAYS_EMBED_SWIFT_STANDARD_LIBRARIES = YES;
				BUNDLE_LOADER = "$(TEST_HOST)";
				CODE_SIGN_STYLE = Automatic;
				DEVELOPMENT_TEAM = 9X46NFR4T9;
				INFOPLIST_FILE = nanobyteTests/Info.plist;
				LD_RUNPATH_SEARCH_PATHS = "$(inherited) @executable_path/Frameworks @loader_path/Frameworks";
				PRODUCT_BUNDLE_IDENTIFIER = br.com.nanobyte.nanobyteTests;
				PRODUCT_NAME = "$(TARGET_NAME)";
				SWIFT_VERSION = 4.0;
				TARGETED_DEVICE_FAMILY = "1,2";
				TEST_HOST = "$(BUILT_PRODUCTS_DIR)/nanobyte.app/nanobyte";
			};
			name = Debug;
		};
		ACD5CF201F8D15AA00A48A14 /* Release */ = {
			isa = XCBuildConfiguration;
			buildSettings = {
				ALWAYS_EMBED_SWIFT_STANDARD_LIBRARIES = YES;
				BUNDLE_LOADER = "$(TEST_HOST)";
				CODE_SIGN_STYLE = Automatic;
				DEVELOPMENT_TEAM = 9X46NFR4T9;
				INFOPLIST_FILE = nanobyteTests/Info.plist;
				LD_RUNPATH_SEARCH_PATHS = "$(inherited) @executable_path/Frameworks @loader_path/Frameworks";
				PRODUCT_BUNDLE_IDENTIFIER = br.com.nanobyte.nanobyteTests;
				PRODUCT_NAME = "$(TARGET_NAME)";
				SWIFT_VERSION = 4.0;
				TARGETED_DEVICE_FAMILY = "1,2";
				TEST_HOST = "$(BUILT_PRODUCTS_DIR)/nanobyte.app/nanobyte";
			};
			name = Release;
		};
		ACD5CF221F8D15AA00A48A14 /* Debug */ = {
			isa = XCBuildConfiguration;
			buildSettings = {
				ALWAYS_EMBED_SWIFT_STANDARD_LIBRARIES = YES;
				CODE_SIGN_STYLE = Automatic;
				DEVELOPMENT_TEAM = 9X46NFR4T9;
				INFOPLIST_FILE = nanobyteUITests/Info.plist;
				LD_RUNPATH_SEARCH_PATHS = "$(inherited) @executable_path/Frameworks @loader_path/Frameworks";
				PRODUCT_BUNDLE_IDENTIFIER = br.com.nanobyte.nanobyteUITests;
				PRODUCT_NAME = "$(TARGET_NAME)";
				SWIFT_VERSION = 4.0;
				TARGETED_DEVICE_FAMILY = "1,2";
				TEST_TARGET_NAME = nanobyte;
			};
			name = Debug;
		};
		ACD5CF231F8D15AA00A48A14 /* Release */ = {
			isa = XCBuildConfiguration;
			buildSettings = {
				ALWAYS_EMBED_SWIFT_STANDARD_LIBRARIES = YES;
				CODE_SIGN_STYLE = Automatic;
				DEVELOPMENT_TEAM = 9X46NFR4T9;
				INFOPLIST_FILE = nanobyteUITests/Info.plist;
				LD_RUNPATH_SEARCH_PATHS = "$(inherited) @executable_path/Frameworks @loader_path/Frameworks";
				PRODUCT_BUNDLE_IDENTIFIER = br.com.nanobyte.nanobyteUITests;
				PRODUCT_NAME = "$(TARGET_NAME)";
				SWIFT_VERSION = 4.0;
				TARGETED_DEVICE_FAMILY = "1,2";
				TEST_TARGET_NAME = nanobyte;
			};
			name = Release;
		};
/* End XCBuildConfiguration section */

/* Begin XCConfigurationList section */
		ACD5CEEE1F8D15A900A48A14 /* Build configuration list for PBXProject "nanobyte" */ = {
			isa = XCConfigurationList;
			buildConfigurations = (
				ACD5CF191F8D15AA00A48A14 /* Debug */,
				ACD5CF1A1F8D15AA00A48A14 /* Release */,
			);
			defaultConfigurationIsVisible = 0;
			defaultConfigurationName = Release;
		};
		ACD5CF1B1F8D15AA00A48A14 /* Build configuration list for PBXNativeTarget "nanobyte" */ = {
			isa = XCConfigurationList;
			buildConfigurations = (
				ACD5CF1C1F8D15AA00A48A14 /* Debug */,
				ACD5CF1D1F8D15AA00A48A14 /* Release */,
			);
			defaultConfigurationIsVisible = 0;
			defaultConfigurationName = Release;
		};
		ACD5CF1E1F8D15AA00A48A14 /* Build configuration list for PBXNativeTarget "nanobyteTests" */ = {
			isa = XCConfigurationList;
			buildConfigurations = (
				ACD5CF1F1F8D15AA00A48A14 /* Debug */,
				ACD5CF201F8D15AA00A48A14 /* Release */,
			);
			defaultConfigurationIsVisible = 0;
			defaultConfigurationName = Release;
		};
		ACD5CF211F8D15AA00A48A14 /* Build configuration list for PBXNativeTarget "nanobyteUITests" */ = {
			isa = XCConfigurationList;
			buildConfigurations = (
				ACD5CF221F8D15AA00A48A14 /* Debug */,
				ACD5CF231F8D15AA00A48A14 /* Release */,
			);
			defaultConfigurationIsVisible = 0;
			defaultConfigurationName = Release;
		};
/* End XCConfigurationList section */
	};
	rootObject = ACD5CEEB1F8D15A900A48A14 /* Project object */;
}
